{
  "name": "leetcode",
  "version": "1.0.0",
  "lockfileVersion": 3,
  "requires": true,
  "packages": {
    "": {
      "name": "leetcode",
      "version": "1.0.0",
      "license": "ISC",
      "dependencies": {
        "@hediet/debug-visualizer-data-extraction": "^0.14.0",
        "ascii-table": "^0.0.9"
      }
    },
    "node_modules/@hediet/debug-visualizer-data-extraction": {
      "version": "0.14.0",
      "resolved": "https://registry.npmjs.org/@hediet/debug-visualizer-data-extraction/-/debug-visualizer-data-extraction-0.14.0.tgz",
      "integrity": "sha512-J2eu4U+1SVNPYxhbWT6iKy9tA8DX0iDNoFipST/mJt503T67Z7H24wRBJyjHdk4ooohVNrEW2qsTZWMqWSFbcQ=="
    },
    "node_modules/ascii-table": {
      "version": "0.0.9",
      "resolved": "https://registry.npmjs.org/ascii-table/-/ascii-table-0.0.9.tgz",
      "integrity": "sha512-xpkr6sCDIYTPqzvjG8M3ncw1YOTaloWZOyrUmicoEifBEKzQzt+ooUpRpQ/AbOoJfO/p2ZKiyp79qHThzJDulQ=="
    }
  }
}
